<?xml version="1.0" encoding="utf-8"?>
<Project ToolsVersion="4.0" xmlns="http://schemas.microsoft.com/developer/msbuild/2003">
  <ItemGroup>
    <None Include="VocalTractLabApi.def">
      <Filter>Sources</Filter>
    </None>
  </ItemGroup>
  <ItemGroup>
    <Filter Include="Sources">
      <UniqueIdentifier>{d753fba2-8de6-4793-9a30-3c037ccaae57}</UniqueIdentifier>
    </Filter>
  </ItemGroup>
  <ItemGroup>
    <ClCompile Include="Sources\AnatomyParams.cpp">
      <Filter>Sources</Filter>
    </ClCompile>
    <ClCompile Include="Sources\Dsp.cpp">
      <Filter>Sources</Filter>
    </ClCompile>
    <ClCompile Include="Sources\F0EstimatorYin.cpp">
      <Filter>Sources</Filter>
    </ClCompile>
    <ClCompile Include="Sources\Geometry.cpp">
      <Filter>Sources</Filter>
    </ClCompile>
    <ClCompile Include="Sources\GesturalScore.cpp">
      <Filter>Sources</Filter>
    </ClCompile>
    <ClCompile Include="Sources\Glottis.cpp">
      <Filter>Sources</Filter>
    </ClCompile>
    <ClCompile Include="Sources\IirFilter.cpp">
      <Filter>Sources</Filter>
    </ClCompile>
    <ClCompile Include="Sources\ImpulseExcitation.cpp">
      <Filter>Sources</Filter>
    </ClCompile>
    <ClCompile Include="Sources\LfPulse.cpp">
      <Filter>Sources</Filter>
    </ClCompile>
    <ClCompile Include="Sources\Matrix2x2.cpp">
      <Filter>Sources</Filter>
    </ClCompile>
    <ClCompile Include="Sources\PoleZeroPlan.cpp">
      <Filter>Sources</Filter>
    </ClCompile>
    <ClCompile Include="Sources\Sampa.cpp">
      <Filter>Sources</Filter>
    </ClCompile>
    <ClCompile Include="Sources\SegmentSequence.cpp">
      <Filter>Sources</Filter>
    </ClCompile>
    <ClCompile Include="Sources\Signal.cpp">
      <Filter>Sources</Filter>
    </ClCompile>
    <ClCompile Include="Sources\SoundLib.cpp">
      <Filter>Sources</Filter>
    </ClCompile>
    <ClCompile Include="Sources\Splines.cpp">
      <Filter>Sources</Filter>
    </ClCompile>
    <ClCompile Include="Sources\StaticPhone.cpp">
      <Filter>Sources</Filter>
    </ClCompile>
    <ClCompile Include="Sources\Surface.cpp">
      <Filter>Sources</Filter>
    </ClCompile>
    <ClCompile Include="Sources\TdsModel.cpp">
      <Filter>Sources</Filter>
    </ClCompile>
    <ClCompile Include="Sources\TimeFunction.cpp">
      <Filter>Sources</Filter>
    </ClCompile>
    <ClCompile Include="Sources\TlModel.cpp">
      <Filter>Sources</Filter>
    </ClCompile>
    <ClCompile Include="Sources\TriangularGlottis.cpp">
      <Filter>Sources</Filter>
    </ClCompile>
    <ClCompile Include="Sources\Tube.cpp">
      <Filter>Sources</Filter>
    </ClCompile>
    <ClCompile Include="Sources\TwoMassModel.cpp">
      <Filter>Sources</Filter>
    </ClCompile>
    <ClCompile Include="Sources\VocalTract.cpp">
      <Filter>Sources</Filter>
    </ClCompile>
    <ClCompile Include="Sources\VoiceQualityEstimator.cpp">
      <Filter>Sources</Filter>
    </ClCompile>
    <ClCompile Include="Sources\VowelLf.cpp">
      <Filter>Sources</Filter>
    </ClCompile>
    <ClCompile Include="Sources\XmlHelper.cpp">
      <Filter>Sources</Filter>
    </ClCompile>
    <ClCompile Include="Sources\XmlNode.cpp">
      <Filter>Sources</Filter>
    </ClCompile>
    <ClCompile Include="Sources\VocalTractLabApi.cpp">
      <Filter>Sources</Filter>
    </ClCompile>
    <ClCompile Include="Sources\GeometricGlottis.cpp">
      <Filter>Sources</Filter>
    </ClCompile>
    <ClCompile Include="Sources\Synthesizer.cpp">
      <Filter>Sources</Filter>
    </ClCompile>
  </ItemGroup>
  <ItemGroup>
    <ClInclude Include="Sources\AnatomyParams.h">
      <Filter>Sources</Filter>
    </ClInclude>
    <ClInclude Include="Sources\Ddc.h">
      <Filter>Sources</Filter>
    </ClInclude>
    <ClInclude Include="Sources\Dsp.h">
      <Filter>Sources</Filter>
    </ClInclude>
    <ClInclude Include="Sources\Export.h">
      <Filter>Sources</Filter>
    </ClInclude>
    <ClInclude Include="Sources\F0EstimatorYin.h">
      <Filter>Sources</Filter>
    </ClInclude>
    <ClInclude Include="Sources\Geometry.h">
      <Filter>Sources</Filter>
    </ClInclude>
    <ClInclude Include="Sources\GesturalScore.h">
      <Filter>Sources</Filter>
    </ClInclude>
    <ClInclude Include="Sources\Glottis.h">
      <Filter>Sources</Filter>
    </ClInclude>
    <ClInclude Include="Sources\IirFilter.h">
      <Filter>Sources</Filter>
    </ClInclude>
    <ClInclude Include="Sources\ImpulseExcitation.h">
      <Filter>Sources</Filter>
    </ClInclude>
    <ClInclude Include="Sources\LfPulse.h">
      <Filter>Sources</Filter>
    </ClInclude>
    <ClInclude Include="Sources\Matrix2x2.h">
      <Filter>Sources</Filter>
    </ClInclude>
    <ClInclude Include="Sources\PhysicalConstants.h">
      <Filter>Sources</Filter>
    </ClInclude>
    <ClInclude Include="Sources\PoleZeroPlan.h">
      <Filter>Sources</Filter>
    </ClInclude>
    <ClInclude Include="Sources\Sampa.h">
      <Filter>Sources</Filter>
    </ClInclude>
    <ClInclude Include="Sources\SegmentSequence.h">
      <Filter>Sources</Filter>
    </ClInclude>
    <ClInclude Include="Sources\Signal.h">
      <Filter>Sources</Filter>
    </ClInclude>
    <ClInclude Include="Sources\SoundLib.h">
      <Filter>Sources</Filter>
    </ClInclude>
    <ClInclude Include="Sources\Splines.h">
      <Filter>Sources</Filter>
    </ClInclude>
    <ClInclude Include="Sources\StaticPhone.h">
      <Filter>Sources</Filter>
    </ClInclude>
    <ClInclude Include="Sources\Surface.h">
      <Filter>Sources</Filter>
    </ClInclude>
    <ClInclude Include="Sources\TdsModel.h">
      <Filter>Sources</Filter>
    </ClInclude>
    <ClInclude Include="Sources\TimeFunction.h">
      <Filter>Sources</Filter>
    </ClInclude>
    <ClInclude Include="Sources\TlModel.h">
      <Filter>Sources</Filter>
    </ClInclude>
    <ClInclude Include="Sources\TriangularGlottis.h">
      <Filter>Sources</Filter>
    </ClInclude>
    <ClInclude Include="Sources\Tube.h">
      <Filter>Sources</Filter>
    </ClInclude>
    <ClInclude Include="Sources\TubeSequence.h">
      <Filter>Sources</Filter>
    </ClInclude>
    <ClInclude Include="Sources\TwoMassModel.h">
      <Filter>Sources</Filter>
    </ClInclude>
    <ClInclude Include="Sources\VocalTract.h">
      <Filter>Sources</Filter>
    </ClInclude>
    <ClInclude Include="Sources\VoiceQualityEstimator.h">
      <Filter>Sources</Filter>
    </ClInclude>
    <ClInclude Include="Sources\VowelLf.h">
      <Filter>Sources</Filter>
    </ClInclude>
    <ClInclude Include="Sources\XmlHelper.h">
      <Filter>Sources</Filter>
    </ClInclude>
    <ClInclude Include="Sources\XmlNode.h">
      <Filter>Sources</Filter>
    </ClInclude>
    <ClInclude Include="Sources\VocalTractLabApi.h">
      <Filter>Sources</Filter>
    </ClInclude>
    <ClInclude Include="Sources\GeometricGlottis.h">
      <Filter>Sources</Filter>
    </ClInclude>
    <ClInclude Include="Sources\Synthesizer.h">
      <Filter>Sources</Filter>
    </ClInclude>
  </ItemGroup>
</Project>